
Microsoft Visual Studio Solution File, Format Version 12.00
# Visual Studio Version 17
VisualStudioVersion = 17.5.002.0
MinimumVisualStudioVersion = 10.0.40219.1
Project("{9A19103F-16F7-4668-BE54-9A1E7A4F7556}") = "basic-api", "basic-api.csproj", "{4865FAC5-9E8A-4C6D-87A4-AA103B8BAFBF}"
EndProject
Global
	GlobalSection(SolutionConfigurationPlatforms) = preSolution
		Debug|Any CPU = Debug|Any CPU
		Release|Any CPU = Release|Any CPU
	EndGlobalSection
	GlobalSection(ProjectConfigurationPlatforms) = postSolution
		{4865FAC5-9E8A-4C6D-87A4-AA103B8BAFBF}.Debug|Any CPU.ActiveCfg = Debug|Any CPU
		{4865FAC5-9E8A-4C6D-87A4-AA103B8BAFBF}.Debug|Any CPU.Build.0 = Debug|Any CPU
		{4865FAC5-9E8A-4C6D-87A4-AA103B8BAFBF}.Release|Any CPU.ActiveCfg = Release|Any CPU
		{4865FAC5-9E8A-4C6D-87A4-AA103B8BAFBF}.Release|Any CPU.Build.0 = Release|Any CPU
	EndGlobalSection
	GlobalSection(SolutionProperties) = preSolution
		HideSolutionNode = FALSE
	EndGlobalSection
	GlobalSection(ExtensibilityGlobals) = postSolution
		SolutionGuid = {C92018CC-F6FB-451F-B786-296D5750E2C7}
	EndGlobalSection
EndGlobal
